
Microsoft Visual Studio Solution File, Format Version 12.00
# Visual Studio Version 17
VisualStudioVersion = 17.0.31903.59
MinimumVisualStudioVersion = 10.0.40219.1
Project("{2150E333-8FDC-42A3-9474-1A3956D46DE8}") = "src", "src", "{827E0CD3-B72D-47B6-A68D-7590B98EB39B}"
EndProject
Project("{FAE04EC0-301F-11D3-BF4B-00C04F79EFBC}") = "PasswordGenerator.Api", "src\PasswordGenerator.Api\PasswordGenerator.Api.csproj", "{3ABEA056-9587-46A9-8A9C-B1B1EB864A04}"
EndProject
Project("{FAE04EC0-301F-11D3-BF4B-00C04F79EFBC}") = "PasswordGenerator.Core", "src\PasswordGenerator.Core\PasswordGenerator.Core.csproj", "{1C87BB75-27E1-435F-89DC-DF6EA8A6D72A}"
EndProject
Project("{FAE04EC0-301F-11D3-BF4B-00C04F79EFBC}") = "PasswordGenerator.Infrastructure", "src\PasswordGenerator.Infrastructure\PasswordGenerator.Infrastructure.csproj", "{9C49F001-EF22-46F7-B89D-5B133D658348}"
EndProject
Project("{FAE04EC0-301F-11D3-BF4B-00C04F79EFBC}") = "PasswordGenerator.Tests", "tests\PasswordGenerator.Tests\PasswordGenerator.Tests.csproj", "{F41A2CF8-068B-4FF0-BD72-6511FC752224}"
EndProject
Global
	GlobalSection(SolutionConfigurationPlatforms) = preSolution
		Debug|Any CPU = Debug|Any CPU
		Debug|x64 = Debug|x64
		Debug|x86 = Debug|x86
		Release|Any CPU = Release|Any CPU
		Release|x64 = Release|x64
		Release|x86 = Release|x86
	EndGlobalSection
	GlobalSection(ProjectConfigurationPlatforms) = postSolution
		{3ABEA056-9587-46A9-8A9C-B1B1EB864A04}.Debug|Any CPU.ActiveCfg = Debug|Any CPU
		{3ABEA056-9587-46A9-8A9C-B1B1EB864A04}.Debug|Any CPU.Build.0 = Debug|Any CPU
		{3ABEA056-9587-46A9-8A9C-B1B1EB864A04}.Debug|x64.ActiveCfg = Debug|Any CPU
		{3ABEA056-9587-46A9-8A9C-B1B1EB864A04}.Debug|x64.Build.0 = Debug|Any CPU
		{3ABEA056-9587-46A9-8A9C-B1B1EB864A04}.Debug|x86.ActiveCfg = Debug|Any CPU
		{3ABEA056-9587-46A9-8A9C-B1B1EB864A04}.Debug|x86.Build.0 = Debug|Any CPU
		{3ABEA056-9587-46A9-8A9C-B1B1EB864A04}.Release|Any CPU.ActiveCfg = Release|Any CPU
		{3ABEA056-9587-46A9-8A9C-B1B1EB864A04}.Release|Any CPU.Build.0 = Release|Any CPU
		{3ABEA056-9587-46A9-8A9C-B1B1EB864A04}.Release|x64.ActiveCfg = Release|Any CPU
		{3ABEA056-9587-46A9-8A9C-B1B1EB864A04}.Release|x64.Build.0 = Release|Any CPU
		{3ABEA056-9587-46A9-8A9C-B1B1EB864A04}.Release|x86.ActiveCfg = Release|Any CPU
		{3ABEA056-9587-46A9-8A9C-B1B1EB864A04}.Release|x86.Build.0 = Release|Any CPU
		{1C87BB75-27E1-435F-89DC-DF6EA8A6D72A}.Debug|Any CPU.ActiveCfg = Debug|Any CPU
		{1C87BB75-27E1-435F-89DC-DF6EA8A6D72A}.Debug|Any CPU.Build.0 = Debug|Any CPU
		{1C87BB75-27E1-435F-89DC-DF6EA8A6D72A}.Debug|x64.ActiveCfg = Debug|Any CPU
		{1C87BB75-27E1-435F-89DC-DF6EA8A6D72A}.Debug|x64.Build.0 = Debug|Any CPU
		{1C87BB75-27E1-435F-89DC-DF6EA8A6D72A}.Debug|x86.ActiveCfg = Debug|Any CPU
		{1C87BB75-27E1-435F-89DC-DF6EA8A6D72A}.Debug|x86.Build.0 = Debug|Any CPU
		{1C87BB75-27E1-435F-89DC-DF6EA8A6D72A}.Release|Any CPU.ActiveCfg = Release|Any CPU
		{1C87BB75-27E1-435F-89DC-DF6EA8A6D72A}.Release|Any CPU.Build.0 = Release|Any CPU
		{1C87BB75-27E1-435F-89DC-DF6EA8A6D72A}.Release|x64.ActiveCfg = Release|Any CPU
		{1C87BB75-27E1-435F-89DC-DF6EA8A6D72A}.Release|x64.Build.0 = Release|Any CPU
		{1C87BB75-27E1-435F-89DC-DF6EA8A6D72A}.Release|x86.ActiveCfg = Release|Any CPU
		{1C87BB75-27E1-435F-89DC-DF6EA8A6D72A}.Release|x86.Build.0 = Release|Any CPU
		{9C49F001-EF22-46F7-B89D-5B133D658348}.Debug|Any CPU.ActiveCfg = Debug|Any CPU
		{9C49F001-EF22-46F7-B89D-5B133D658348}.Debug|Any CPU.Build.0 = Debug|Any CPU
		{9C49F001-EF22-46F7-B89D-5B133D658348}.Debug|x64.ActiveCfg = Debug|Any CPU
		{9C49F001-EF22-46F7-B89D-5B133D658348}.Debug|x64.Build.0 = Debug|Any CPU
		{9C49F001-EF22-46F7-B89D-5B133D658348}.Debug|x86.ActiveCfg = Debug|Any CPU
		{9C49F001-EF22-46F7-B89D-5B133D658348}.Debug|x86.Build.0 = Debug|Any CPU
		{9C49F001-EF22-46F7-B89D-5B133D658348}.Release|Any CPU.ActiveCfg = Release|Any CPU
		{9C49F001-EF22-46F7-B89D-5B133D658348}.Release|Any CPU.Build.0 = Release|Any CPU
		{9C49F001-EF22-46F7-B89D-5B133D658348}.Release|x64.ActiveCfg = Release|Any CPU
		{9C49F001-EF22-46F7-B89D-5B133D658348}.Release|x64.Build.0 = Release|Any CPU
		{9C49F001-EF22-46F7-B89D-5B133D658348}.Release|x86.ActiveCfg = Release|Any CPU
		{9C49F001-EF22-46F7-B89D-5B133D658348}.Release|x86.Build.0 = Release|Any CPU
		{F41A2CF8-068B-4FF0-BD72-6511FC752224}.Debug|Any CPU.ActiveCfg = Debug|Any CPU
		{F41A2CF8-068B-4FF0-BD72-6511FC752224}.Debug|Any CPU.Build.0 = Debug|Any CPU
		{F41A2CF8-068B-4FF0-BD72-6511FC752224}.Debug|x64.ActiveCfg = Debug|Any CPU
		{F41A2CF8-068B-4FF0-BD72-6511FC752224}.Debug|x64.Build.0 = Debug|Any CPU
		{F41A2CF8-068B-4FF0-BD72-6511FC752224}.Debug|x86.ActiveCfg = Debug|Any CPU
		{F41A2CF8-068B-4FF0-BD72-6511FC752224}.Debug|x86.Build.0 = Debug|Any CPU
		{F41A2CF8-068B-4FF0-BD72-6511FC752224}.Release|Any CPU.ActiveCfg = Release|Any CPU
		{F41A2CF8-068B-4FF0-BD72-6511FC752224}.Release|Any CPU.Build.0 = Release|Any CPU
		{F41A2CF8-068B-4FF0-BD72-6511FC752224}.Release|x64.ActiveCfg = Release|Any CPU
		{F41A2CF8-068B-4FF0-BD72-6511FC752224}.Release|x64.Build.0 = Release|Any CPU
		{F41A2CF8-068B-4FF0-BD72-6511FC752224}.Release|x86.ActiveCfg = Release|Any CPU
		{F41A2CF8-068B-4FF0-BD72-6511FC752224}.Release|x86.Build.0 = Release|Any CPU
	EndGlobalSection
	GlobalSection(SolutionProperties) = preSolution
		HideSolutionNode = FALSE
	EndGlobalSection
	GlobalSection(NestedProjects) = preSolution
		{3ABEA056-9587-46A9-8A9C-B1B1EB864A04} = {827E0CD3-B72D-47B6-A68D-7590B98EB39B}
		{1C87BB75-27E1-435F-89DC-DF6EA8A6D72A} = {827E0CD3-B72D-47B6-A68D-7590B98EB39B}
		{9C49F001-EF22-46F7-B89D-5B133D658348} = {827E0CD3-B72D-47B6-A68D-7590B98EB39B}
		{F41A2CF8-068B-4FF0-BD72-6511FC752224} = {827E0CD3-B72D-47B6-A68D-7590B98EB39B}
	EndGlobalSection
EndGlobal
